// !$*UTF8*$!
{
	archiveVersion = 1;
	classes = {
	};
	objectVersion = 56;
	objects = {

/* Begin PBXBuildFile section */
		444D839E29AFE2A300850E24 /* AppDelegate.swift in Sources */ = {isa = PBXBuildFile; fileRef = 444D839D29AFE2A300850E24 /* AppDelegate.swift */; };
		444D83A029AFE2A300850E24 /* SceneDelegate.swift in Sources */ = {isa = PBXBuildFile; fileRef = 444D839F29AFE2A300850E24 /* SceneDelegate.swift */; };
		444D83A529AFE2A300850E24 /* Main.storyboard in Resources */ = {isa = PBXBuildFile; fileRef = 444D83A329AFE2A300850E24 /* Main.storyboard */; };
		444D83A729AFE2A500850E24 /* Assets.xcassets in Resources */ = {isa = PBXBuildFile; fileRef = 444D83A629AFE2A500850E24 /* Assets.xcassets */; };
		444D83AA29AFE2A500850E24 /* LaunchScreen.storyboard in Resources */ = {isa = PBXBuildFile; fileRef = 444D83A829AFE2A500850E24 /* LaunchScreen.storyboard */; };
		444D83BB29AFEBC800850E24 /* Constants.swift in Sources */ = {isa = PBXBuildFile; fileRef = 444D83BA29AFEBC800850E24 /* Constants.swift */; };
		444D83BD29AFECED00850E24 /* NetworkError.swift in Sources */ = {isa = PBXBuildFile; fileRef = 444D83BC29AFECED00850E24 /* NetworkError.swift */; };
		444D83C529B13BEA00850E24 /* Characters.swift in Sources */ = {isa = PBXBuildFile; fileRef = 444D83C429B13BEA00850E24 /* Characters.swift */; };
		444D83C729B1415000850E24 /* CharacterService.swift in Sources */ = {isa = PBXBuildFile; fileRef = 444D83C629B1415000850E24 /* CharacterService.swift */; };
/* End PBXBuildFile section */

/* Begin PBXFileReference section */
		444D839A29AFE2A300850E24 /* BYOA_Codable.app */ = {isa = PBXFileReference; explicitFileType = wrapper.application; includeInIndex = 0; path = BYOA_Codable.app; sourceTree = BUILT_PRODUCTS_DIR; };
		444D839D29AFE2A300850E24 /* AppDelegate.swift */ = {isa = PBXFileReference; lastKnownFileType = sourcecode.swift; path = AppDelegate.swift; sourceTree = "<group>"; };
		444D839F29AFE2A300850E24 /* SceneDelegate.swift */ = {isa = PBXFileReference; lastKnownFileType = sourcecode.swift; path = SceneDelegate.swift; sourceTree = "<group>"; };
		444D83A429AFE2A300850E24 /* Base */ = {isa = PBXFileReference; lastKnownFileType = file.storyboard; name = Base; path = Base.lproj/Main.storyboard; sourceTree = "<group>"; };
		444D83A629AFE2A500850E24 /* Assets.xcassets */ = {isa = PBXFileReference; lastKnownFileType = folder.assetcatalog; path = Assets.xcassets; sourceTree = "<group>"; };
		444D83A929AFE2A500850E24 /* Base */ = {isa = PBXFileReference; lastKnownFileType = file.storyboard; name = Base; path = Base.lproj/LaunchScreen.storyboard; sourceTree = "<group>"; };
		444D83AB29AFE2A500850E24 /* Info.plist */ = {isa = PBXFileReference; lastKnownFileType = text.plist.xml; path = Info.plist; sourceTree = "<group>"; };
		444D83BA29AFEBC800850E24 /* Constants.swift */ = {isa = PBXFileReference; lastKnownFileType = sourcecode.swift; path = Constants.swift; sourceTree = "<group>"; };
		444D83BC29AFECED00850E24 /* NetworkError.swift */ = {isa = PBXFileReference; lastKnownFileType = sourcecode.swift; path = NetworkError.swift; sourceTree = "<group>"; };
		444D83C429B13BEA00850E24 /* Characters.swift */ = {isa = PBXFileReference; lastKnownFileType = sourcecode.swift; path = Characters.swift; sourceTree = "<group>"; };
		444D83C629B1415000850E24 /* CharacterService.swift */ = {isa = PBXFileReference; lastKnownFileType = sourcecode.swift; path = CharacterService.swift; sourceTree = "<group>"; };
/* End PBXFileReference section */

/* Begin PBXFrameworksBuildPhase section */
		444D839729AFE2A300850E24 /* Frameworks */ = {
			isa = PBXFrameworksBuildPhase;
			buildActionMask = 2147483647;
			files = (
			);
			runOnlyForDeploymentPostprocessing = 0;
		};
/* End PBXFrameworksBuildPhase section */

/* Begin PBXGroup section */
		444D839129AFE2A300850E24 = {
			isa = PBXGroup;
			children = (
				444D839C29AFE2A300850E24 /* BYOA_Codable */,
				444D839B29AFE2A300850E24 /* Products */,
			);
			sourceTree = "<group>";
		};
		444D839B29AFE2A300850E24 /* Products */ = {
			isa = PBXGroup;
			children = (
				444D839A29AFE2A300850E24 /* BYOA_Codable.app */,
			);
			name = Products;
			sourceTree = "<group>";
		};
		444D839C29AFE2A300850E24 /* BYOA_Codable */ = {
			isa = PBXGroup;
			children = (
				444D83B929AFEBBC00850E24 /* Helpers&Extensions */,
				444D83B629AFEB5C00850E24 /* Networking */,
				444D83B329AFE5EC00850E24 /* Model */,
				444D83B129AFE2FE00850E24 /* Storyboard */,
				444D83B229AFE32900850E24 /* SupportingFiles */,
			);
			path = BYOA_Codable;
			sourceTree = "<group>";
		};
		444D83B129AFE2FE00850E24 /* Storyboard */ = {
			isa = PBXGroup;
			children = (
				444D83A329AFE2A300850E24 /* Main.storyboard */,
				444D83A829AFE2A500850E24 /* LaunchScreen.storyboard */,
			);
			path = Storyboard;
			sourceTree = "<group>";
		};
		444D83B229AFE32900850E24 /* SupportingFiles */ = {
			isa = PBXGroup;
			children = (
				444D839D29AFE2A300850E24 /* AppDelegate.swift */,
				444D839F29AFE2A300850E24 /* SceneDelegate.swift */,
				444D83A629AFE2A500850E24 /* Assets.xcassets */,
				444D83AB29AFE2A500850E24 /* Info.plist */,
			);
			path = SupportingFiles;
			sourceTree = "<group>";
		};
		444D83B329AFE5EC00850E24 /* Model */ = {
			isa = PBXGroup;
			children = (
				444D83C429B13BEA00850E24 /* Characters.swift */,
			);
			path = Model;
			sourceTree = "<group>";
		};
		444D83B629AFEB5C00850E24 /* Networking */ = {
			isa = PBXGroup;
			children = (
				444D83C629B1415000850E24 /* CharacterService.swift */,
			);
			path = Networking;
			sourceTree = "<group>";
		};
		444D83B929AFEBBC00850E24 /* Helpers&Extensions */ = {
			isa = PBXGroup;
			children = (
				444D83BA29AFEBC800850E24 /* Constants.swift */,
				444D83BC29AFECED00850E24 /* NetworkError.swift */,
			);
			path = "Helpers&Extensions";
			sourceTree = "<group>";
		};
/* End PBXGroup section */

/* Begin PBXNativeTarget section */
		444D839929AFE2A300850E24 /* BYOA_Codable */ = {
			isa = PBXNativeTarget;
			buildConfigurationList = 444D83AE29AFE2A500850E24 /* Build configuration list for PBXNativeTarget "BYOA_Codable" */;
			buildPhases = (
				444D839629AFE2A300850E24 /* Sources */,
				444D839729AFE2A300850E24 /* Frameworks */,
				444D839829AFE2A300850E24 /* Resources */,
			);
			buildRules = (
			);
			dependencies = (
			);
			name = BYOA_Codable;
			productName = BYOA_Codable;
			productReference = 444D839A29AFE2A300850E24 /* BYOA_Codable.app */;
			productType = "com.apple.product-type.application";
		};
/* End PBXNativeTarget section */

/* Begin PBXProject section */
		444D839229AFE2A300850E24 /* Project object */ = {
			isa = PBXProject;
			attributes = {
				BuildIndependentTargetsInParallel = 1;
				LastSwiftUpdateCheck = 1420;
				LastUpgradeCheck = 1420;
				TargetAttributes = {
					444D839929AFE2A300850E24 = {
						CreatedOnToolsVersion = 14.2;
					};
				};
			};
			buildConfigurationList = 444D839529AFE2A300850E24 /* Build configuration list for PBXProject "BYOA_Codable" */;
			compatibilityVersion = "Xcode 14.0";
			developmentRegion = en;
			hasScannedForEncodings = 0;
			knownRegions = (
				en,
				Base,
			);
			mainGroup = 444D839129AFE2A300850E24;
			productRefGroup = 444D839B29AFE2A300850E24 /* Products */;
			projectDirPath = "";
			projectRoot = "";
			targets = (
				444D839929AFE2A300850E24 /* BYOA_Codable */,
			);
		};
/* End PBXProject section */

/* Begin PBXResourcesBuildPhase section */
		444D839829AFE2A300850E24 /* Resources */ = {
			isa = PBXResourcesBuildPhase;
			buildActionMask = 2147483647;
			files = (
				444D83AA29AFE2A500850E24 /* LaunchScreen.storyboard in Resources */,
				444D83A729AFE2A500850E24 /* Assets.xcassets in Resources */,
				444D83A529AFE2A300850E24 /* Main.storyboard in Resources */,
			);
			runOnlyForDeploymentPostprocessing = 0;
		};
/* End PBXResourcesBuildPhase section */

/* Begin PBXSourcesBuildPhase section */
		444D839629AFE2A300850E24 /* Sources */ = {
			isa = PBXSourcesBuildPhase;
			buildActionMask = 2147483647;
			files = (
				444D83BB29AFEBC800850E24 /* Constants.swift in Sources */,
				444D839E29AFE2A300850E24 /* AppDelegate.swift in Sources */,
				444D83BD29AFECED00850E24 /* NetworkError.swift in Sources */,
				444D83C729B1415000850E24 /* CharacterService.swift in Sources */,
				444D83A029AFE2A300850E24 /* SceneDelegate.swift in Sources */,
				444D83C529B13BEA00850E24 /* Characters.swift in Sources */,
			);
			runOnlyForDeploymentPostprocessing = 0;
		};
/* End PBXSourcesBuildPhase section */

/* Begin PBXVariantGroup section */
		444D83A329AFE2A300850E24 /* Main.storyboard */ = {
			isa = PBXVariantGroup;
			children = (
				444D83A429AFE2A300850E24 /* Base */,
			);
			name = Main.storyboard;
			sourceTree = "<group>";
		};
		444D83A829AFE2A500850E24 /* LaunchScreen.storyboard */ = {
			isa = PBXVariantGroup;
			children = (
				444D83A929AFE2A500850E24 /* Base */,
			);
			name = LaunchScreen.storyboard;
			sourceTree = "<group>";
		};
/* End PBXVariantGroup section */

/* Begin XCBuildConfiguration section */
		444D83AC29AFE2A500850E24 /* Debug */ = {
			isa = XCBuildConfiguration;
			buildSettings = {
				ALWAYS_SEARCH_USER_PATHS = NO;
				CLANG_ANALYZER_NONNULL = YES;
				CLANG_ANALYZER_NUMBER_OBJECT_CONVERSION = YES_AGGRESSIVE;
				CLANG_CXX_LANGUAGE_STANDARD = "gnu++20";
				CLANG_ENABLE_MODULES = YES;
				CLANG_ENABLE_OBJC_ARC = YES;
				CLANG_ENABLE_OBJC_WEAK = YES;
				CLANG_WARN_BLOCK_CAPTURE_AUTORELEASING = YES;
				CLANG_WARN_BOOL_CONVERSION = YES;
				CLANG_WARN_COMMA = YES;
				CLANG_WARN_CONSTANT_CONVERSION = YES;
				CLANG_WARN_DEPRECATED_OBJC_IMPLEMENTATIONS = YES;
				CLANG_WARN_DIRECT_OBJC_ISA_USAGE = YES_ERROR;
				CLANG_WARN_DOCUMENTATION_COMMENTS = YES;
				CLANG_WARN_EMPTY_BODY = YES;
				CLANG_WARN_ENUM_CONVERSION = YES;
				CLANG_WARN_INFINITE_RECURSION = YES;
				CLANG_WARN_INT_CONVERSION = YES;
				CLANG_WARN_NON_LITERAL_NULL_CONVERSION = YES;
				CLANG_WARN_OBJC_IMPLICIT_RETAIN_SELF = YES;
				CLANG_WARN_OBJC_LITERAL_CONVERSION = YES;
				CLANG_WARN_OBJC_ROOT_CLASS = YES_ERROR;
				CLANG_WARN_QUOTED_INCLUDE_IN_FRAMEWORK_HEADER = YES;
				CLANG_WARN_RANGE_LOOP_ANALYSIS = YES;
				CLANG_WARN_STRICT_PROTOTYPES = YES;
				CLANG_WARN_SUSPICIOUS_MOVE = YES;
				CLANG_WARN_UNGUARDED_AVAILABILITY = YES_AGGRESSIVE;
				CLANG_WARN_UNREACHABLE_CODE = YES;
				CLANG_WARN__DUPLICATE_METHOD_MATCH = YES;
				COPY_PHASE_STRIP = NO;
				DEBUG_INFORMATION_FORMAT = dwarf;
				ENABLE_STRICT_OBJC_MSGSEND = YES;
				ENABLE_TESTABILITY = YES;
				GCC_C_LANGUAGE_STANDARD = gnu11;
				GCC_DYNAMIC_NO_PIC = NO;
				GCC_NO_COMMON_BLOCKS = YES;
				GCC_OPTIMIZATION_LEVEL = 0;
				GCC_PREPROCESSOR_DEFINITIONS = (
					"DEBUG=1",
					"$(inherited)",
				);
				GCC_WARN_64_TO_32_BIT_CONVERSION = YES;
				GCC_WARN_ABOUT_RETURN_TYPE = YES_ERROR;
				GCC_WARN_UNDECLARED_SELECTOR = YES;
				GCC_WARN_UNINITIALIZED_AUTOS = YES_AGGRESSIVE;
				GCC_WARN_UNUSED_FUNCTION = YES;
				GCC_WARN_UNUSED_VARIABLE = YES;
				IPHONEOS_DEPLOYMENT_TARGET = 16.2;
				MTL_ENABLE_DEBUG_INFO = INCLUDE_SOURCE;
				MTL_FAST_MATH = YES;
				ONLY_ACTIVE_ARCH = YES;
				SDKROOT = iphoneos;
				SWIFT_ACTIVE_COMPILATION_CONDITIONS = DEBUG;
				SWIFT_OPTIMIZATION_LEVEL = "-Onone";
			};
			name = Debug;
		};
		444D83AD29AFE2A500850E24 /* Release */ = {
			isa = XCBuildConfiguration;
			buildSettings = {
				ALWAYS_SEARCH_USER_PATHS = NO;
				CLANG_ANALYZER_NONNULL = YES;
				CLANG_ANALYZER_NUMBER_OBJECT_CONVERSION = YES_AGGRESSIVE;
				CLANG_CXX_LANGUAGE_STANDARD = "gnu++20";
				CLANG_ENABLE_MODULES = YES;
				CLANG_ENABLE_OBJC_ARC = YES;
				CLANG_ENABLE_OBJC_WEAK = YES;
				CLANG_WARN_BLOCK_CAPTURE_AUTORELEASING = YES;
				CLANG_WARN_BOOL_CONVERSION = YES;
				CLANG_WARN_COMMA = YES;
				CLANG_WARN_CONSTANT_CONVERSION = YES;
				CLANG_WARN_DEPRECATED_OBJC_IMPLEMENTATIONS = YES;
				CLANG_WARN_DIRECT_OBJC_ISA_USAGE = YES_ERROR;
				CLANG_WARN_DOCUMENTATION_COMMENTS = YES;
				CLANG_WARN_EMPTY_BODY = YES;
				CLANG_WARN_ENUM_CONVERSION = YES;
				CLANG_WARN_INFINITE_RECURSION = YES;
				CLANG_WARN_INT_CONVERSION = YES;
				CLANG_WARN_NON_LITERAL_NULL_CONVERSION = YES;
				CLANG_WARN_OBJC_IMPLICIT_RETAIN_SELF = YES;
				CLANG_WARN_OBJC_LITERAL_CONVERSION = YES;
				CLANG_WARN_OBJC_ROOT_CLASS = YES_ERROR;
				CLANG_WARN_QUOTED_INCLUDE_IN_FRAMEWORK_HEADER = YES;
				CLANG_WARN_RANGE_LOOP_ANALYSIS = YES;
				CLANG_WARN_STRICT_PROTOTYPES = YES;
				CLANG_WARN_SUSPICIOUS_MOVE = YES;
				CLANG_WARN_UNGUARDED_AVAILABILITY = YES_AGGRESSIVE;
				CLANG_WARN_UNREACHABLE_CODE = YES;
				CLANG_WARN__DUPLICATE_METHOD_MATCH = YES;
				COPY_PHASE_STRIP = NO;
				DEBUG_INFORMATION_FORMAT = "dwarf-with-dsym";
				ENABLE_NS_ASSERTIONS = NO;
				ENABLE_STRICT_OBJC_MSGSEND = YES;
				GCC_C_LANGUAGE_STANDARD = gnu11;
				GCC_NO_COMMON_BLOCKS = YES;
				GCC_WARN_64_TO_32_BIT_CONVERSION = YES;
				GCC_WARN_ABOUT_RETURN_TYPE = YES_ERROR;
				GCC_WARN_UNDECLARED_SELECTOR = YES;
				GCC_WARN_UNINITIALIZED_AUTOS = YES_AGGRESSIVE;
				GCC_WARN_UNUSED_FUNCTION = YES;
				GCC_WARN_UNUSED_VARIABLE = YES;
				IPHONEOS_DEPLOYMENT_TARGET = 16.2;
				MTL_ENABLE_DEBUG_INFO = NO;
				MTL_FAST_MATH = YES;
				SDKROOT = iphoneos;
				SWIFT_COMPILATION_MODE = wholemodule;
				SWIFT_OPTIMIZATION_LEVEL = "-O";
				VALIDATE_PRODUCT = YES;
			};
			name = Release;
		};
		444D83AF29AFE2A500850E24 /* Debug */ = {
			isa = XCBuildConfiguration;
			buildSettings = {
				ASSETCATALOG_COMPILER_APPICON_NAME = AppIcon;
				ASSETCATALOG_COMPILER_GLOBAL_ACCENT_COLOR_NAME = AccentColor;
				CODE_SIGN_STYLE = Automatic;
				CURRENT_PROJECT_VERSION = 1;
				GENERATE_INFOPLIST_FILE = YES;
				INFOPLIST_FILE = BYOA_Codable/SupportingFiles/Info.plist;
				INFOPLIST_KEY_UIApplicationSupportsIndirectInputEvents = YES;
				INFOPLIST_KEY_UILaunchStoryboardName = LaunchScreen;
				INFOPLIST_KEY_UIMainStoryboardFile = Main;
				INFOPLIST_KEY_UISupportedInterfaceOrientations_iPad = "UIInterfaceOrientationPortrait UIInterfaceOrientationPortraitUpsideDown UIInterfaceOrientationLandscapeLeft UIInterfaceOrientationLandscapeRight";
				INFOPLIST_KEY_UISupportedInterfaceOrientations_iPhone = "UIInterfaceOrientationPortrait UIInterfaceOrientationLandscapeLeft UIInterfaceOrientationLandscapeRight";
				LD_RUNPATH_SEARCH_PATHS = (
					"$(inherited)",
					"@executable_path/Frameworks",
				);
				MARKETING_VERSION = 1.0;
				PRODUCT_BUNDLE_IDENTIFIER = "ColtonCodes.BYOA-Codable";
				PRODUCT_NAME = "$(TARGET_NAME)";
				SWIFT_EMIT_LOC_STRINGS = YES;
				SWIFT_VERSION = 5.0;
				TARGETED_DEVICE_FAMILY = "1,2";
			};
			name = Debug;
		};
		444D83B029AFE2A500850E24 /* Release */ = {
			isa = XCBuildConfiguration;
			buildSettings = {
				ASSETCATALOG_COMPILER_APPICON_NAME = AppIcon;
				ASSETCATALOG_COMPILER_GLOBAL_ACCENT_COLOR_NAME = AccentColor;
				CODE_SIGN_STYLE = Automatic;
				CURRENT_PROJECT_VERSION = 1;
				GENERATE_INFOPLIST_FILE = YES;
				INFOPLIST_FILE = BYOA_Codable/SupportingFiles/Info.plist;
				INFOPLIST_KEY_UIApplicationSupportsIndirectInputEvents = YES;
				INFOPLIST_KEY_UILaunchStoryboardName = LaunchScreen;
				INFOPLIST_KEY_UIMainStoryboardFile = Main;
				INFOPLIST_KEY_UISupportedInterfaceOrientations_iPad = "UIInterfaceOrientationPortrait UIInterfaceOrientationPortraitUpsideDown UIInterfaceOrientationLandscapeLeft UIInterfaceOrientationLandscapeRight";
				INFOPLIST_KEY_UISupportedInterfaceOrientations_iPhone = "UIInterfaceOrientationPortrait UIInterfaceOrientationLandscapeLeft UIInterfaceOrientationLandscapeRight";
				LD_RUNPATH_SEARCH_PATHS = (
					"$(inherited)",
					"@executable_path/Frameworks",
				);
				MARKETING_VERSION = 1.0;
				PRODUCT_BUNDLE_IDENTIFIER = "ColtonCodes.BYOA-Codable";
				PRODUCT_NAME = "$(TARGET_NAME)";
				SWIFT_EMIT_LOC_STRINGS = YES;
				SWIFT_VERSION = 5.0;
				TARGETED_DEVICE_FAMILY = "1,2";
			};
			name = Release;
		};
/* End XCBuildConfiguration section */

/* Begin XCConfigurationList section */
		444D839529AFE2A300850E24 /* Build configuration list for PBXProject "BYOA_Codable" */ = {
			isa = XCConfigurationList;
			buildConfigurations = (
				444D83AC29AFE2A500850E24 /* Debug */,
				444D83AD29AFE2A500850E24 /* Release */,
			);
			defaultConfigurationIsVisible = 0;
			defaultConfigurationName = Release;
		};
		444D83AE29AFE2A500850E24 /* Build configuration list for PBXNativeTarget "BYOA_Codable" */ = {
			isa = XCConfigurationList;
			buildConfigurations = (
				444D83AF29AFE2A500850E24 /* Debug */,
				444D83B029AFE2A500850E24 /* Release */,
			);
			defaultConfigurationIsVisible = 0;
			defaultConfigurationName = Release;
		};
/* End XCConfigurationList section */
	};
	rootObject = 444D839229AFE2A300850E24 /* Project object */;
}
